
Microsoft Visual Studio Solution File, Format Version 12.00
# Visual Studio 14
VisualStudioVersion = 14.0.23107.0
MinimumVisualStudioVersion = 10.0.40219.1
Project("{FAE04EC0-301F-11D3-BF4B-00C04F79EFBC}") = "WCF.Lab2_ConsoleClient", "WCF.Lab2_ConsoleClient\WCF.Lab2_ConsoleClient.csproj", "{249B842D-D631-454B-ABAB-AB600306733D}"
EndProject
Global
	GlobalSection(SolutionConfigurationPlatforms) = preSolution
		Debug|Any CPU = Debug|Any CPU
		Release|Any CPU = Release|Any CPU
	EndGlobalSection
	GlobalSection(ProjectConfigurationPlatforms) = postSolution
		{249B842D-D631-454B-ABAB-AB600306733D}.Debug|Any CPU.ActiveCfg = Debug|Any CPU
		{249B842D-D631-454B-ABAB-AB600306733D}.Debug|Any CPU.Build.0 = Debug|Any CPU
		{249B842D-D631-454B-ABAB-AB600306733D}.Release|Any CPU.ActiveCfg = Release|Any CPU
		{249B842D-D631-454B-ABAB-AB600306733D}.Release|Any CPU.Build.0 = Release|Any CPU
	EndGlobalSection
	GlobalSection(SolutionProperties) = preSolution
		HideSolutionNode = FALSE
	EndGlobalSection
EndGlobal
