
Microsoft Visual Studio Solution File, Format Version 12.00
# Visual Studio 14
VisualStudioVersion = 14.0.23107.0
MinimumVisualStudioVersion = 10.0.40219.1
Project("{FAE04EC0-301F-11D3-BF4B-00C04F79EFBC}") = "WCF.Lab2_ConsoleClientBMI", "WCF.Lab2_ConsoleClient\WCF.Lab2_ConsoleClientBMI.csproj", "{249B842D-D631-454B-ABAB-AB600306733D}"
EndProject
Project("{FAE04EC0-301F-11D3-BF4B-00C04F79EFBC}") = "WCF.Lab2_WebFormClientBMI", "WCF.Lab2_WebFormClient\WCF.Lab2_WebFormClientBMI.csproj", "{7FC6C36D-93BB-415A-9987-897B8667281D}"
EndProject
Project("{FAE04EC0-301F-11D3-BF4B-00C04F79EFBC}") = "WCF.Lab2_ConsoleClientDays", "WCF.Lab2_ConsoleClientDays\WCF.Lab2_ConsoleClientDays.csproj", "{0E963916-98BB-4E94-981D-73D439F2A075}"
EndProject
Project("{FAE04EC0-301F-11D3-BF4B-00C04F79EFBC}") = "WCF.Lab2_WebFormClientDays", "WCF.Lab2_WebFormClientDays\WCF.Lab2_WebFormClientDays.csproj", "{5B709471-5A9B-494F-A045-78507763F654}"
EndProject
Global
	GlobalSection(SolutionConfigurationPlatforms) = preSolution
		Debug|Any CPU = Debug|Any CPU
		Release|Any CPU = Release|Any CPU
	EndGlobalSection
	GlobalSection(ProjectConfigurationPlatforms) = postSolution
		{249B842D-D631-454B-ABAB-AB600306733D}.Debug|Any CPU.ActiveCfg = Debug|Any CPU
		{249B842D-D631-454B-ABAB-AB600306733D}.Debug|Any CPU.Build.0 = Debug|Any CPU
		{249B842D-D631-454B-ABAB-AB600306733D}.Release|Any CPU.ActiveCfg = Release|Any CPU
		{249B842D-D631-454B-ABAB-AB600306733D}.Release|Any CPU.Build.0 = Release|Any CPU
		{7FC6C36D-93BB-415A-9987-897B8667281D}.Debug|Any CPU.ActiveCfg = Debug|Any CPU
		{7FC6C36D-93BB-415A-9987-897B8667281D}.Debug|Any CPU.Build.0 = Debug|Any CPU
		{7FC6C36D-93BB-415A-9987-897B8667281D}.Release|Any CPU.ActiveCfg = Release|Any CPU
		{7FC6C36D-93BB-415A-9987-897B8667281D}.Release|Any CPU.Build.0 = Release|Any CPU
		{0E963916-98BB-4E94-981D-73D439F2A075}.Debug|Any CPU.ActiveCfg = Debug|Any CPU
		{0E963916-98BB-4E94-981D-73D439F2A075}.Debug|Any CPU.Build.0 = Debug|Any CPU
		{0E963916-98BB-4E94-981D-73D439F2A075}.Release|Any CPU.ActiveCfg = Release|Any CPU
		{0E963916-98BB-4E94-981D-73D439F2A075}.Release|Any CPU.Build.0 = Release|Any CPU
		{5B709471-5A9B-494F-A045-78507763F654}.Debug|Any CPU.ActiveCfg = Debug|Any CPU
		{5B709471-5A9B-494F-A045-78507763F654}.Debug|Any CPU.Build.0 = Debug|Any CPU
		{5B709471-5A9B-494F-A045-78507763F654}.Release|Any CPU.ActiveCfg = Release|Any CPU
		{5B709471-5A9B-494F-A045-78507763F654}.Release|Any CPU.Build.0 = Release|Any CPU
	EndGlobalSection
	GlobalSection(SolutionProperties) = preSolution
		HideSolutionNode = FALSE
	EndGlobalSection
EndGlobal
